// !$*UTF8*$!
{
	archiveVersion = 1;
	classes = {
	};
	objectVersion = 50;
	objects = {

/* Begin PBXBuildFile section */
		042CFBB225AECBB200B3E4EF /* AppDelegate.m in Sources */ = {isa = PBXBuildFile; fileRef = 042CFBB125AECBB200B3E4EF /* AppDelegate.m */; };
		042CFBB525AECBB200B3E4EF /* SceneDelegate.m in Sources */ = {isa = PBXBuildFile; fileRef = 042CFBB425AECBB200B3E4EF /* SceneDelegate.m */; };
		042CFBB825AECBB200B3E4EF /* ViewController.m in Sources */ = {isa = PBXBuildFile; fileRef = 042CFBB725AECBB200B3E4EF /* ViewController.m */; };
		042CFBBB25AECBB200B3E4EF /* Main.storyboard in Resources */ = {isa = PBXBuildFile; fileRef = 042CFBB925AECBB200B3E4EF /* Main.storyboard */; };
		042CFBBD25AECBB500B3E4EF /* Assets.xcassets in Resources */ = {isa = PBXBuildFile; fileRef = 042CFBBC25AECBB500B3E4EF /* Assets.xcassets */; };
		042CFBC025AECBB500B3E4EF /* LaunchScreen.storyboard in Resources */ = {isa = PBXBuildFile; fileRef = 042CFBBE25AECBB500B3E4EF /* LaunchScreen.storyboard */; };
		042CFBC325AECBB500B3E4EF /* main.m in Sources */ = {isa = PBXBuildFile; fileRef = 042CFBC225AECBB500B3E4EF /* main.m */; };
		042CFBE625AECD5300B3E4EF /* LICENSE in Resources */ = {isa = PBXBuildFile; fileRef = 042CFBCA25AECD5200B3E4EF /* LICENSE */; };
		042CFBE725AECD5300B3E4EF /* NSLayoutConstraint+MASDebugAdditions.m in Sources */ = {isa = PBXBuildFile; fileRef = 042CFBCD25AECD5200B3E4EF /* NSLayoutConstraint+MASDebugAdditions.m */; };
		042CFBE825AECD5300B3E4EF /* ViewController+MASAdditions.m in Sources */ = {isa = PBXBuildFile; fileRef = 042CFBD625AECD5200B3E4EF /* ViewController+MASAdditions.m */; };
		042CFBE925AECD5300B3E4EF /* MASCompositeConstraint.m in Sources */ = {isa = PBXBuildFile; fileRef = 042CFBDA25AECD5200B3E4EF /* MASCompositeConstraint.m */; };
		042CFBEA25AECD5300B3E4EF /* MASConstraintMaker.m in Sources */ = {isa = PBXBuildFile; fileRef = 042CFBDB25AECD5200B3E4EF /* MASConstraintMaker.m */; };
		042CFBEB25AECD5300B3E4EF /* MASLayoutConstraint.m in Sources */ = {isa = PBXBuildFile; fileRef = 042CFBDC25AECD5300B3E4EF /* MASLayoutConstraint.m */; };
		042CFBEC25AECD5300B3E4EF /* NSArray+MASAdditions.m in Sources */ = {isa = PBXBuildFile; fileRef = 042CFBDD25AECD5300B3E4EF /* NSArray+MASAdditions.m */; };
		042CFBED25AECD5300B3E4EF /* View+MASAdditions.m in Sources */ = {isa = PBXBuildFile; fileRef = 042CFBDE25AECD5300B3E4EF /* View+MASAdditions.m */; };
		042CFBEE25AECD5300B3E4EF /* MASConstraint.m in Sources */ = {isa = PBXBuildFile; fileRef = 042CFBE125AECD5300B3E4EF /* MASConstraint.m */; };
		042CFBEF25AECD5300B3E4EF /* MASViewConstraint.m in Sources */ = {isa = PBXBuildFile; fileRef = 042CFBE325AECD5300B3E4EF /* MASViewConstraint.m */; };
		042CFBF025AECD5300B3E4EF /* MASViewAttribute.m in Sources */ = {isa = PBXBuildFile; fileRef = 042CFBE425AECD5300B3E4EF /* MASViewAttribute.m */; };
		042CFBF125AECD5300B3E4EF /* README.md in Resources */ = {isa = PBXBuildFile; fileRef = 042CFBE525AECD5300B3E4EF /* README.md */; };
		042CFBF725AED79000B3E4EF /* UIButton+ImageTitleSpacing.m in Sources */ = {isa = PBXBuildFile; fileRef = 042CFBF525AED79000B3E4EF /* UIButton+ImageTitleSpacing.m */; };
/* End PBXBuildFile section */

/* Begin PBXFileReference section */
		042CFBAD25AECBB200B3E4EF /* XPButton.app */ = {isa = PBXFileReference; explicitFileType = wrapper.application; includeInIndex = 0; path = XPButton.app; sourceTree = BUILT_PRODUCTS_DIR; };
		042CFBB025AECBB200B3E4EF /* AppDelegate.h */ = {isa = PBXFileReference; lastKnownFileType = sourcecode.c.h; path = AppDelegate.h; sourceTree = "<group>"; };
		042CFBB125AECBB200B3E4EF /* AppDelegate.m */ = {isa = PBXFileReference; lastKnownFileType = sourcecode.c.objc; path = AppDelegate.m; sourceTree = "<group>"; };
		042CFBB325AECBB200B3E4EF /* SceneDelegate.h */ = {isa = PBXFileReference; lastKnownFileType = sourcecode.c.h; path = SceneDelegate.h; sourceTree = "<group>"; };
		042CFBB425AECBB200B3E4EF /* SceneDelegate.m */ = {isa = PBXFileReference; lastKnownFileType = sourcecode.c.objc; path = SceneDelegate.m; sourceTree = "<group>"; };
		042CFBB625AECBB200B3E4EF /* ViewController.h */ = {isa = PBXFileReference; lastKnownFileType = sourcecode.c.h; path = ViewController.h; sourceTree = "<group>"; };
		042CFBB725AECBB200B3E4EF /* ViewController.m */ = {isa = PBXFileReference; lastKnownFileType = sourcecode.c.objc; path = ViewController.m; sourceTree = "<group>"; };
		042CFBBA25AECBB200B3E4EF /* Base */ = {isa = PBXFileReference; lastKnownFileType = file.storyboard; name = Base; path = Base.lproj/Main.storyboard; sourceTree = "<group>"; };
		042CFBBC25AECBB500B3E4EF /* Assets.xcassets */ = {isa = PBXFileReference; lastKnownFileType = folder.assetcatalog; path = Assets.xcassets; sourceTree = "<group>"; };
		042CFBBF25AECBB500B3E4EF /* Base */ = {isa = PBXFileReference; lastKnownFileType = file.storyboard; name = Base; path = Base.lproj/LaunchScreen.storyboard; sourceTree = "<group>"; };
		042CFBC125AECBB500B3E4EF /* Info.plist */ = {isa = PBXFileReference; lastKnownFileType = text.plist.xml; path = Info.plist; sourceTree = "<group>"; };
		042CFBC225AECBB500B3E4EF /* main.m */ = {isa = PBXFileReference; lastKnownFileType = sourcecode.c.objc; path = main.m; sourceTree = "<group>"; };
		042CFBCA25AECD5200B3E4EF /* LICENSE */ = {isa = PBXFileReference; fileEncoding = 4; lastKnownFileType = text; path = LICENSE; sourceTree = "<group>"; };
		042CFBCC25AECD5200B3E4EF /* MASCompositeConstraint.h */ = {isa = PBXFileReference; fileEncoding = 4; lastKnownFileType = sourcecode.c.h; path = MASCompositeConstraint.h; sourceTree = "<group>"; };
		042CFBCD25AECD5200B3E4EF /* NSLayoutConstraint+MASDebugAdditions.m */ = {isa = PBXFileReference; fileEncoding = 4; lastKnownFileType = sourcecode.c.objc; path = "NSLayoutConstraint+MASDebugAdditions.m"; sourceTree = "<group>"; };
		042CFBCE25AECD5200B3E4EF /* MASConstraint+Private.h */ = {isa = PBXFileReference; fileEncoding = 4; lastKnownFileType = sourcecode.c.h; path = "MASConstraint+Private.h"; sourceTree = "<group>"; };
		042CFBCF25AECD5200B3E4EF /* MASLayoutConstraint.h */ = {isa = PBXFileReference; fileEncoding = 4; lastKnownFileType = sourcecode.c.h; path = MASLayoutConstraint.h; sourceTree = "<group>"; };
		042CFBD025AECD5200B3E4EF /* NSArray+MASShorthandAdditions.h */ = {isa = PBXFileReference; fileEncoding = 4; lastKnownFileType = sourcecode.c.h; path = "NSArray+MASShorthandAdditions.h"; sourceTree = "<group>"; };
		042CFBD125AECD5200B3E4EF /* MASConstraintMaker.h */ = {isa = PBXFileReference; fileEncoding = 4; lastKnownFileType = sourcecode.c.h; path = MASConstraintMaker.h; sourceTree = "<group>"; };
		042CFBD225AECD5200B3E4EF /* View+MASAdditions.h */ = {isa = PBXFileReference; fileEncoding = 4; lastKnownFileType = sourcecode.c.h; path = "View+MASAdditions.h"; sourceTree = "<group>"; };
		042CFBD325AECD5200B3E4EF /* NSArray+MASAdditions.h */ = {isa = PBXFileReference; fileEncoding = 4; lastKnownFileType = sourcecode.c.h; path = "NSArray+MASAdditions.h"; sourceTree = "<group>"; };
		042CFBD425AECD5200B3E4EF /* MASUtilities.h */ = {isa = PBXFileReference; fileEncoding = 4; lastKnownFileType = sourcecode.c.h; path = MASUtilities.h; sourceTree = "<group>"; };
		042CFBD525AECD5200B3E4EF /* MASViewAttribute.h */ = {isa = PBXFileReference; fileEncoding = 4; lastKnownFileType = sourcecode.c.h; path = MASViewAttribute.h; sourceTree = "<group>"; };
		042CFBD625AECD5200B3E4EF /* ViewController+MASAdditions.m */ = {isa = PBXFileReference; fileEncoding = 4; lastKnownFileType = sourcecode.c.objc; path = "ViewController+MASAdditions.m"; sourceTree = "<group>"; };
		042CFBD725AECD5200B3E4EF /* MASViewConstraint.h */ = {isa = PBXFileReference; fileEncoding = 4; lastKnownFileType = sourcecode.c.h; path = MASViewConstraint.h; sourceTree = "<group>"; };
		042CFBD825AECD5200B3E4EF /* MASConstraint.h */ = {isa = PBXFileReference; fileEncoding = 4; lastKnownFileType = sourcecode.c.h; path = MASConstraint.h; sourceTree = "<group>"; };
		042CFBD925AECD5200B3E4EF /* NSLayoutConstraint+MASDebugAdditions.h */ = {isa = PBXFileReference; fileEncoding = 4; lastKnownFileType = sourcecode.c.h; path = "NSLayoutConstraint+MASDebugAdditions.h"; sourceTree = "<group>"; };
		042CFBDA25AECD5200B3E4EF /* MASCompositeConstraint.m */ = {isa = PBXFileReference; fileEncoding = 4; lastKnownFileType = sourcecode.c.objc; path = MASCompositeConstraint.m; sourceTree = "<group>"; };
		042CFBDB25AECD5200B3E4EF /* MASConstraintMaker.m */ = {isa = PBXFileReference; fileEncoding = 4; lastKnownFileType = sourcecode.c.objc; path = MASConstraintMaker.m; sourceTree = "<group>"; };
		042CFBDC25AECD5300B3E4EF /* MASLayoutConstraint.m */ = {isa = PBXFileReference; fileEncoding = 4; lastKnownFileType = sourcecode.c.objc; path = MASLayoutConstraint.m; sourceTree = "<group>"; };
		042CFBDD25AECD5300B3E4EF /* NSArray+MASAdditions.m */ = {isa = PBXFileReference; fileEncoding = 4; lastKnownFileType = sourcecode.c.objc; path = "NSArray+MASAdditions.m"; sourceTree = "<group>"; };
		042CFBDE25AECD5300B3E4EF /* View+MASAdditions.m */ = {isa = PBXFileReference; fileEncoding = 4; lastKnownFileType = sourcecode.c.objc; path = "View+MASAdditions.m"; sourceTree = "<group>"; };
		042CFBDF25AECD5300B3E4EF /* View+MASShorthandAdditions.h */ = {isa = PBXFileReference; fileEncoding = 4; lastKnownFileType = sourcecode.c.h; path = "View+MASShorthandAdditions.h"; sourceTree = "<group>"; };
		042CFBE025AECD5300B3E4EF /* Masonry.h */ = {isa = PBXFileReference; fileEncoding = 4; lastKnownFileType = sourcecode.c.h; path = Masonry.h; sourceTree = "<group>"; };
		042CFBE125AECD5300B3E4EF /* MASConstraint.m */ = {isa = PBXFileReference; fileEncoding = 4; lastKnownFileType = sourcecode.c.objc; path = MASConstraint.m; sourceTree = "<group>"; };
		042CFBE225AECD5300B3E4EF /* ViewController+MASAdditions.h */ = {isa = PBXFileReference; fileEncoding = 4; lastKnownFileType = sourcecode.c.h; path = "ViewController+MASAdditions.h"; sourceTree = "<group>"; };
		042CFBE325AECD5300B3E4EF /* MASViewConstraint.m */ = {isa = PBXFileReference; fileEncoding = 4; lastKnownFileType = sourcecode.c.objc; path = MASViewConstraint.m; sourceTree = "<group>"; };
		042CFBE425AECD5300B3E4EF /* MASViewAttribute.m */ = {isa = PBXFileReference; fileEncoding = 4; lastKnownFileType = sourcecode.c.objc; path = MASViewAttribute.m; sourceTree = "<group>"; };
		042CFBE525AECD5300B3E4EF /* README.md */ = {isa = PBXFileReference; fileEncoding = 4; lastKnownFileType = net.daringfireball.markdown; path = README.md; sourceTree = "<group>"; };
		042CFBF525AED79000B3E4EF /* UIButton+ImageTitleSpacing.m */ = {isa = PBXFileReference; fileEncoding = 4; lastKnownFileType = sourcecode.c.objc; path = "UIButton+ImageTitleSpacing.m"; sourceTree = "<group>"; };
		042CFBF625AED79000B3E4EF /* UIButton+ImageTitleSpacing.h */ = {isa = PBXFileReference; fileEncoding = 4; lastKnownFileType = sourcecode.c.h; path = "UIButton+ImageTitleSpacing.h"; sourceTree = "<group>"; };
/* End PBXFileReference section */

/* Begin PBXFrameworksBuildPhase section */
		042CFBAA25AECBB200B3E4EF /* Frameworks */ = {
			isa = PBXFrameworksBuildPhase;
			buildActionMask = 2147483647;
			files = (
			);
			runOnlyForDeploymentPostprocessing = 0;
		};
/* End PBXFrameworksBuildPhase section */

/* Begin PBXGroup section */
		042CFBA425AECBB200B3E4EF = {
			isa = PBXGroup;
			children = (
				042CFBAF25AECBB200B3E4EF /* XPButton */,
				042CFBAE25AECBB200B3E4EF /* Products */,
			);
			sourceTree = "<group>";
		};
		042CFBAE25AECBB200B3E4EF /* Products */ = {
			isa = PBXGroup;
			children = (
				042CFBAD25AECBB200B3E4EF /* XPButton.app */,
			);
			name = Products;
			sourceTree = "<group>";
		};
		042CFBAF25AECBB200B3E4EF /* XPButton */ = {
			isa = PBXGroup;
			children = (
				042CFBB025AECBB200B3E4EF /* AppDelegate.h */,
				042CFBB125AECBB200B3E4EF /* AppDelegate.m */,
				042CFBB325AECBB200B3E4EF /* SceneDelegate.h */,
				042CFBB425AECBB200B3E4EF /* SceneDelegate.m */,
				042CFBB625AECBB200B3E4EF /* ViewController.h */,
				042CFBB725AECBB200B3E4EF /* ViewController.m */,
				042CFBF625AED79000B3E4EF /* UIButton+ImageTitleSpacing.h */,
				042CFBF525AED79000B3E4EF /* UIButton+ImageTitleSpacing.m */,
				042CFBB925AECBB200B3E4EF /* Main.storyboard */,
				042CFBBC25AECBB500B3E4EF /* Assets.xcassets */,
				042CFBBE25AECBB500B3E4EF /* LaunchScreen.storyboard */,
				042CFBC125AECBB500B3E4EF /* Info.plist */,
				042CFBC225AECBB500B3E4EF /* main.m */,
				042CFBC925AECD5200B3E4EF /* Masonry */,
			);
			path = XPButton;
			sourceTree = "<group>";
		};
		042CFBC925AECD5200B3E4EF /* Masonry */ = {
			isa = PBXGroup;
			children = (
				042CFBCA25AECD5200B3E4EF /* LICENSE */,
				042CFBCB25AECD5200B3E4EF /* Masonry */,
				042CFBE525AECD5300B3E4EF /* README.md */,
			);
			path = Masonry;
			sourceTree = "<group>";
		};
		042CFBCB25AECD5200B3E4EF /* Masonry */ = {
			isa = PBXGroup;
			children = (
				042CFBCC25AECD5200B3E4EF /* MASCompositeConstraint.h */,
				042CFBCD25AECD5200B3E4EF /* NSLayoutConstraint+MASDebugAdditions.m */,
				042CFBCE25AECD5200B3E4EF /* MASConstraint+Private.h */,
				042CFBCF25AECD5200B3E4EF /* MASLayoutConstraint.h */,
				042CFBD025AECD5200B3E4EF /* NSArray+MASShorthandAdditions.h */,
				042CFBD125AECD5200B3E4EF /* MASConstraintMaker.h */,
				042CFBD225AECD5200B3E4EF /* View+MASAdditions.h */,
				042CFBD325AECD5200B3E4EF /* NSArray+MASAdditions.h */,
				042CFBD425AECD5200B3E4EF /* MASUtilities.h */,
				042CFBD525AECD5200B3E4EF /* MASViewAttribute.h */,
				042CFBD625AECD5200B3E4EF /* ViewController+MASAdditions.m */,
				042CFBD725AECD5200B3E4EF /* MASViewConstraint.h */,
				042CFBD825AECD5200B3E4EF /* MASConstraint.h */,
				042CFBD925AECD5200B3E4EF /* NSLayoutConstraint+MASDebugAdditions.h */,
				042CFBDA25AECD5200B3E4EF /* MASCompositeConstraint.m */,
				042CFBDB25AECD5200B3E4EF /* MASConstraintMaker.m */,
				042CFBDC25AECD5300B3E4EF /* MASLayoutConstraint.m */,
				042CFBDD25AECD5300B3E4EF /* NSArray+MASAdditions.m */,
				042CFBDE25AECD5300B3E4EF /* View+MASAdditions.m */,
				042CFBDF25AECD5300B3E4EF /* View+MASShorthandAdditions.h */,
				042CFBE025AECD5300B3E4EF /* Masonry.h */,
				042CFBE125AECD5300B3E4EF /* MASConstraint.m */,
				042CFBE225AECD5300B3E4EF /* ViewController+MASAdditions.h */,
				042CFBE325AECD5300B3E4EF /* MASViewConstraint.m */,
				042CFBE425AECD5300B3E4EF /* MASViewAttribute.m */,
			);
			path = Masonry;
			sourceTree = "<group>";
		};
/* End PBXGroup section */

/* Begin PBXNativeTarget section */
		042CFBAC25AECBB200B3E4EF /* XPButton */ = {
			isa = PBXNativeTarget;
			buildConfigurationList = 042CFBC625AECBB500B3E4EF /* Build configuration list for PBXNativeTarget "XPButton" */;
			buildPhases = (
				042CFBA925AECBB200B3E4EF /* Sources */,
				042CFBAA25AECBB200B3E4EF /* Frameworks */,
				042CFBAB25AECBB200B3E4EF /* Resources */,
			);
			buildRules = (
			);
			dependencies = (
			);
			name = XPButton;
			productName = XPButton;
			productReference = 042CFBAD25AECBB200B3E4EF /* XPButton.app */;
			productType = "com.apple.product-type.application";
		};
/* End PBXNativeTarget section */

/* Begin PBXProject section */
		042CFBA525AECBB200B3E4EF /* Project object */ = {
			isa = PBXProject;
			attributes = {
				LastUpgradeCheck = 1160;
				ORGANIZATIONNAME = xuPeng;
				TargetAttributes = {
					042CFBAC25AECBB200B3E4EF = {
						CreatedOnToolsVersion = 11.6;
					};
				};
			};
			buildConfigurationList = 042CFBA825AECBB200B3E4EF /* Build configuration list for PBXProject "XPButton" */;
			compatibilityVersion = "Xcode 9.3";
			developmentRegion = en;
			hasScannedForEncodings = 0;
			knownRegions = (
				en,
				Base,
			);
			mainGroup = 042CFBA425AECBB200B3E4EF;
			productRefGroup = 042CFBAE25AECBB200B3E4EF /* Products */;
			projectDirPath = "";
			projectRoot = "";
			targets = (
				042CFBAC25AECBB200B3E4EF /* XPButton */,
			);
		};
/* End PBXProject section */

/* Begin PBXResourcesBuildPhase section */
		042CFBAB25AECBB200B3E4EF /* Resources */ = {
			isa = PBXResourcesBuildPhase;
			buildActionMask = 2147483647;
			files = (
				042CFBC025AECBB500B3E4EF /* LaunchScreen.storyboard in Resources */,
				042CFBBD25AECBB500B3E4EF /* Assets.xcassets in Resources */,
				042CFBF125AECD5300B3E4EF /* README.md in Resources */,
				042CFBE625AECD5300B3E4EF /* LICENSE in Resources */,
				042CFBBB25AECBB200B3E4EF /* Main.storyboard in Resources */,
			);
			runOnlyForDeploymentPostprocessing = 0;
		};
/* End PBXResourcesBuildPhase section */

/* Begin PBXSourcesBuildPhase section */
		042CFBA925AECBB200B3E4EF /* Sources */ = {
			isa = PBXSourcesBuildPhase;
			buildActionMask = 2147483647;
			files = (
				042CFBEF25AECD5300B3E4EF /* MASViewConstraint.m in Sources */,
				042CFBF025AECD5300B3E4EF /* MASViewAttribute.m in Sources */,
				042CFBB825AECBB200B3E4EF /* ViewController.m in Sources */,
				042CFBB225AECBB200B3E4EF /* AppDelegate.m in Sources */,
				042CFBEC25AECD5300B3E4EF /* NSArray+MASAdditions.m in Sources */,
				042CFBE825AECD5300B3E4EF /* ViewController+MASAdditions.m in Sources */,
				042CFBF725AED79000B3E4EF /* UIButton+ImageTitleSpacing.m in Sources */,
				042CFBE925AECD5300B3E4EF /* MASCompositeConstraint.m in Sources */,
				042CFBC325AECBB500B3E4EF /* main.m in Sources */,
				042CFBED25AECD5300B3E4EF /* View+MASAdditions.m in Sources */,
				042CFBEA25AECD5300B3E4EF /* MASConstraintMaker.m in Sources */,
				042CFBEE25AECD5300B3E4EF /* MASConstraint.m in Sources */,
				042CFBE725AECD5300B3E4EF /* NSLayoutConstraint+MASDebugAdditions.m in Sources */,
				042CFBEB25AECD5300B3E4EF /* MASLayoutConstraint.m in Sources */,
				042CFBB525AECBB200B3E4EF /* SceneDelegate.m in Sources */,
			);
			runOnlyForDeploymentPostprocessing = 0;
		};
/* End PBXSourcesBuildPhase section */

/* Begin PBXVariantGroup section */
		042CFBB925AECBB200B3E4EF /* Main.storyboard */ = {
			isa = PBXVariantGroup;
			children = (
				042CFBBA25AECBB200B3E4EF /* Base */,
			);
			name = Main.storyboard;
			sourceTree = "<group>";
		};
		042CFBBE25AECBB500B3E4EF /* LaunchScreen.storyboard */ = {
			isa = PBXVariantGroup;
			children = (
				042CFBBF25AECBB500B3E4EF /* Base */,
			);
			name = LaunchScreen.storyboard;
			sourceTree = "<group>";
		};
/* End PBXVariantGroup section */

/* Begin XCBuildConfiguration section */
		042CFBC425AECBB500B3E4EF /* Debug */ = {
			isa = XCBuildConfiguration;
			buildSettings = {
				ALWAYS_SEARCH_USER_PATHS = NO;
				CLANG_ANALYZER_NONNULL = YES;
				CLANG_ANALYZER_NUMBER_OBJECT_CONVERSION = YES_AGGRESSIVE;
				CLANG_CXX_LANGUAGE_STANDARD = "gnu++14";
				CLANG_CXX_LIBRARY = "libc++";
				CLANG_ENABLE_MODULES = YES;
				CLANG_ENABLE_OBJC_ARC = YES;
				CLANG_ENABLE_OBJC_WEAK = YES;
				CLANG_WARN_BLOCK_CAPTURE_AUTORELEASING = YES;
				CLANG_WARN_BOOL_CONVERSION = YES;
				CLANG_WARN_COMMA = YES;
				CLANG_WARN_CONSTANT_CONVERSION = YES;
				CLANG_WARN_DEPRECATED_OBJC_IMPLEMENTATIONS = YES;
				CLANG_WARN_DIRECT_OBJC_ISA_USAGE = YES_ERROR;
				CLANG_WARN_DOCUMENTATION_COMMENTS = YES;
				CLANG_WARN_EMPTY_BODY = YES;
				CLANG_WARN_ENUM_CONVERSION = YES;
				CLANG_WARN_INFINITE_RECURSION = YES;
				CLANG_WARN_INT_CONVERSION = YES;
				CLANG_WARN_NON_LITERAL_NULL_CONVERSION = YES;
				CLANG_WARN_OBJC_IMPLICIT_RETAIN_SELF = YES;
				CLANG_WARN_OBJC_LITERAL_CONVERSION = YES;
				CLANG_WARN_OBJC_ROOT_CLASS = YES_ERROR;
				CLANG_WARN_RANGE_LOOP_ANALYSIS = YES;
				CLANG_WARN_STRICT_PROTOTYPES = YES;
				CLANG_WARN_SUSPICIOUS_MOVE = YES;
				CLANG_WARN_UNGUARDED_AVAILABILITY = YES_AGGRESSIVE;
				CLANG_WARN_UNREACHABLE_CODE = YES;
				CLANG_WARN__DUPLICATE_METHOD_MATCH = YES;
				COPY_PHASE_STRIP = NO;
				DEBUG_INFORMATION_FORMAT = dwarf;
				ENABLE_STRICT_OBJC_MSGSEND = YES;
				ENABLE_TESTABILITY = YES;
				GCC_C_LANGUAGE_STANDARD = gnu11;
				GCC_DYNAMIC_NO_PIC = NO;
				GCC_NO_COMMON_BLOCKS = YES;
				GCC_OPTIMIZATION_LEVEL = 0;
				GCC_PREPROCESSOR_DEFINITIONS = (
					"DEBUG=1",
					"$(inherited)",
				);
				GCC_WARN_64_TO_32_BIT_CONVERSION = YES;
				GCC_WARN_ABOUT_RETURN_TYPE = YES_ERROR;
				GCC_WARN_UNDECLARED_SELECTOR = YES;
				GCC_WARN_UNINITIALIZED_AUTOS = YES_AGGRESSIVE;
				GCC_WARN_UNUSED_FUNCTION = YES;
				GCC_WARN_UNUSED_VARIABLE = YES;
				IPHONEOS_DEPLOYMENT_TARGET = 13.6;
				MTL_ENABLE_DEBUG_INFO = INCLUDE_SOURCE;
				MTL_FAST_MATH = YES;
				ONLY_ACTIVE_ARCH = YES;
				SDKROOT = iphoneos;
			};
			name = Debug;
		};
		042CFBC525AECBB500B3E4EF /* Release */ = {
			isa = XCBuildConfiguration;
			buildSettings = {
				ALWAYS_SEARCH_USER_PATHS = NO;
				CLANG_ANALYZER_NONNULL = YES;
				CLANG_ANALYZER_NUMBER_OBJECT_CONVERSION = YES_AGGRESSIVE;
				CLANG_CXX_LANGUAGE_STANDARD = "gnu++14";
				CLANG_CXX_LIBRARY = "libc++";
				CLANG_ENABLE_MODULES = YES;
				CLANG_ENABLE_OBJC_ARC = YES;
				CLANG_ENABLE_OBJC_WEAK = YES;
				CLANG_WARN_BLOCK_CAPTURE_AUTORELEASING = YES;
				CLANG_WARN_BOOL_CONVERSION = YES;
				CLANG_WARN_COMMA = YES;
				CLANG_WARN_CONSTANT_CONVERSION = YES;
				CLANG_WARN_DEPRECATED_OBJC_IMPLEMENTATIONS = YES;
				CLANG_WARN_DIRECT_OBJC_ISA_USAGE = YES_ERROR;
				CLANG_WARN_DOCUMENTATION_COMMENTS = YES;
				CLANG_WARN_EMPTY_BODY = YES;
				CLANG_WARN_ENUM_CONVERSION = YES;
				CLANG_WARN_INFINITE_RECURSION = YES;
				CLANG_WARN_INT_CONVERSION = YES;
				CLANG_WARN_NON_LITERAL_NULL_CONVERSION = YES;
				CLANG_WARN_OBJC_IMPLICIT_RETAIN_SELF = YES;
				CLANG_WARN_OBJC_LITERAL_CONVERSION = YES;
				CLANG_WARN_OBJC_ROOT_CLASS = YES_ERROR;
				CLANG_WARN_RANGE_LOOP_ANALYSIS = YES;
				CLANG_WARN_STRICT_PROTOTYPES = YES;
				CLANG_WARN_SUSPICIOUS_MOVE = YES;
				CLANG_WARN_UNGUARDED_AVAILABILITY = YES_AGGRESSIVE;
				CLANG_WARN_UNREACHABLE_CODE = YES;
				CLANG_WARN__DUPLICATE_METHOD_MATCH = YES;
				COPY_PHASE_STRIP = NO;
				DEBUG_INFORMATION_FORMAT = "dwarf-with-dsym";
				ENABLE_NS_ASSERTIONS = NO;
				ENABLE_STRICT_OBJC_MSGSEND = YES;
				GCC_C_LANGUAGE_STANDARD = gnu11;
				GCC_NO_COMMON_BLOCKS = YES;
				GCC_WARN_64_TO_32_BIT_CONVERSION = YES;
				GCC_WARN_ABOUT_RETURN_TYPE = YES_ERROR;
				GCC_WARN_UNDECLARED_SELECTOR = YES;
				GCC_WARN_UNINITIALIZED_AUTOS = YES_AGGRESSIVE;
				GCC_WARN_UNUSED_FUNCTION = YES;
				GCC_WARN_UNUSED_VARIABLE = YES;
				IPHONEOS_DEPLOYMENT_TARGET = 13.6;
				MTL_ENABLE_DEBUG_INFO = NO;
				MTL_FAST_MATH = YES;
				SDKROOT = iphoneos;
				VALIDATE_PRODUCT = YES;
			};
			name = Release;
		};
		042CFBC725AECBB500B3E4EF /* Debug */ = {
			isa = XCBuildConfiguration;
			buildSettings = {
				ASSETCATALOG_COMPILER_APPICON_NAME = AppIcon;
				CODE_SIGN_STYLE = Automatic;
				DEVELOPMENT_TEAM = 8XJ77AH6XP;
				INFOPLIST_FILE = XPButton/Info.plist;
				LD_RUNPATH_SEARCH_PATHS = (
					"$(inherited)",
					"@executable_path/Frameworks",
				);
				PRODUCT_BUNDLE_IDENTIFIER = com.xd.otc.XPButton;
				PRODUCT_NAME = "$(TARGET_NAME)";
				TARGETED_DEVICE_FAMILY = "1,2";
			};
			name = Debug;
		};
		042CFBC825AECBB500B3E4EF /* Release */ = {
			isa = XCBuildConfiguration;
			buildSettings = {
				ASSETCATALOG_COMPILER_APPICON_NAME = AppIcon;
				CODE_SIGN_STYLE = Automatic;
				DEVELOPMENT_TEAM = 8XJ77AH6XP;
				INFOPLIST_FILE = XPButton/Info.plist;
				LD_RUNPATH_SEARCH_PATHS = (
					"$(inherited)",
					"@executable_path/Frameworks",
				);
				PRODUCT_BUNDLE_IDENTIFIER = com.xd.otc.XPButton;
				PRODUCT_NAME = "$(TARGET_NAME)";
				TARGETED_DEVICE_FAMILY = "1,2";
			};
			name = Release;
		};
/* End XCBuildConfiguration section */

/* Begin XCConfigurationList section */
		042CFBA825AECBB200B3E4EF /* Build configuration list for PBXProject "XPButton" */ = {
			isa = XCConfigurationList;
			buildConfigurations = (
				042CFBC425AECBB500B3E4EF /* Debug */,
				042CFBC525AECBB500B3E4EF /* Release */,
			);
			defaultConfigurationIsVisible = 0;
			defaultConfigurationName = Release;
		};
		042CFBC625AECBB500B3E4EF /* Build configuration list for PBXNativeTarget "XPButton" */ = {
			isa = XCConfigurationList;
			buildConfigurations = (
				042CFBC725AECBB500B3E4EF /* Debug */,
				042CFBC825AECBB500B3E4EF /* Release */,
			);
			defaultConfigurationIsVisible = 0;
			defaultConfigurationName = Release;
		};
/* End XCConfigurationList section */
	};
	rootObject = 042CFBA525AECBB200B3E4EF /* Project object */;
}
